
Microsoft Visual Studio Solution File, Format Version 12.00
# Visual Studio Version 17
VisualStudioVersion = 17.6.33723.286
MinimumVisualStudioVersion = 10.0.40219.1
Project("{8BC9CEB8-8B4A-11D0-8D11-00A0C91BC942}") = "daily-commit", "daily-commit\daily-commit.vcxproj", "{C30E3DB0-4D9C-4B09-BC72-30CFED6C39CD}"
EndProject
Global
	GlobalSection(SolutionConfigurationPlatforms) = preSolution
		Debug|x64 = Debug|x64
		Debug|x86 = Debug|x86
		Release|x64 = Release|x64
		Release|x86 = Release|x86
	EndGlobalSection
	GlobalSection(ProjectConfigurationPlatforms) = postSolution
		{C30E3DB0-4D9C-4B09-BC72-30CFED6C39CD}.Debug|x64.ActiveCfg = Debug|x64
		{C30E3DB0-4D9C-4B09-BC72-30CFED6C39CD}.Debug|x64.Build.0 = Debug|x64
		{C30E3DB0-4D9C-4B09-BC72-30CFED6C39CD}.Debug|x86.ActiveCfg = Debug|Win32
		{C30E3DB0-4D9C-4B09-BC72-30CFED6C39CD}.Debug|x86.Build.0 = Debug|Win32
		{C30E3DB0-4D9C-4B09-BC72-30CFED6C39CD}.Release|x64.ActiveCfg = Release|x64
		{C30E3DB0-4D9C-4B09-BC72-30CFED6C39CD}.Release|x64.Build.0 = Release|x64
		{C30E3DB0-4D9C-4B09-BC72-30CFED6C39CD}.Release|x86.ActiveCfg = Release|Win32
		{C30E3DB0-4D9C-4B09-BC72-30CFED6C39CD}.Release|x86.Build.0 = Release|Win32
	EndGlobalSection
	GlobalSection(SolutionProperties) = preSolution
		HideSolutionNode = FALSE
	EndGlobalSection
	GlobalSection(ExtensibilityGlobals) = postSolution
		SolutionGuid = {1BA91774-8D88-4D2F-87D9-BA314C65AB34}
	EndGlobalSection
EndGlobal
